
Microsoft Visual Studio Solution File, Format Version 12.00
# Visual Studio Version 17
VisualStudioVersion = 17.9.34728.123
MinimumVisualStudioVersion = 10.0.40219.1
Project("{9A19103F-16F7-4668-BE54-9A1E7A4F7556}") = "WinFormsApp2", "WinFormsApp2\WinFormsApp2.csproj", "{9E473818-A72B-46E1-9ECF-528A409E4090}"
EndProject
Project("{FAE04EC0-301F-11D3-BF4B-00C04F79EFBC}") = "Datos", "Datos\Datos.csproj", "{97F9AFD4-DAC2-469F-A85C-B29ABB60E4C9}"
EndProject
Project("{FAE04EC0-301F-11D3-BF4B-00C04F79EFBC}") = "Negocio", "Negocio\Negocio.csproj", "{B4A4F0AB-7A47-4414-B545-4C354F4539AA}"
EndProject
Global
	GlobalSection(SolutionConfigurationPlatforms) = preSolution
		Debug|Any CPU = Debug|Any CPU
		Release|Any CPU = Release|Any CPU
	EndGlobalSection
	GlobalSection(ProjectConfigurationPlatforms) = postSolution
		{9E473818-A72B-46E1-9ECF-528A409E4090}.Debug|Any CPU.ActiveCfg = Debug|Any CPU
		{9E473818-A72B-46E1-9ECF-528A409E4090}.Debug|Any CPU.Build.0 = Debug|Any CPU
		{9E473818-A72B-46E1-9ECF-528A409E4090}.Release|Any CPU.ActiveCfg = Release|Any CPU
		{9E473818-A72B-46E1-9ECF-528A409E4090}.Release|Any CPU.Build.0 = Release|Any CPU
		{97F9AFD4-DAC2-469F-A85C-B29ABB60E4C9}.Debug|Any CPU.ActiveCfg = Debug|Any CPU
		{97F9AFD4-DAC2-469F-A85C-B29ABB60E4C9}.Debug|Any CPU.Build.0 = Debug|Any CPU
		{97F9AFD4-DAC2-469F-A85C-B29ABB60E4C9}.Release|Any CPU.ActiveCfg = Release|Any CPU
		{97F9AFD4-DAC2-469F-A85C-B29ABB60E4C9}.Release|Any CPU.Build.0 = Release|Any CPU
		{B4A4F0AB-7A47-4414-B545-4C354F4539AA}.Debug|Any CPU.ActiveCfg = Debug|Any CPU
		{B4A4F0AB-7A47-4414-B545-4C354F4539AA}.Debug|Any CPU.Build.0 = Debug|Any CPU
		{B4A4F0AB-7A47-4414-B545-4C354F4539AA}.Release|Any CPU.ActiveCfg = Release|Any CPU
		{B4A4F0AB-7A47-4414-B545-4C354F4539AA}.Release|Any CPU.Build.0 = Release|Any CPU
	EndGlobalSection
	GlobalSection(SolutionProperties) = preSolution
		HideSolutionNode = FALSE
	EndGlobalSection
	GlobalSection(ExtensibilityGlobals) = postSolution
		SolutionGuid = {12EE1CD7-4002-4D81-8905-5767BACFD138}
	EndGlobalSection
EndGlobal
